
Microsoft Visual Studio Solution File, Format Version 12.00
# Visual Studio 15
VisualStudioVersion = 15.0.27428.2002
MinimumVisualStudioVersion = 10.0.40219.1
Project("{FAE04EC0-301F-11D3-BF4B-00C04F79EFBC}") = "SimpleLogCluster", "SimpleLogCluster\SimpleLogCluster.csproj", "{9FCC0242-2CBB-4ED7-B43F-DC4D3258D0E2}"
EndProject
Global
	GlobalSection(SolutionConfigurationPlatforms) = preSolution
		Debug|Any CPU = Debug|Any CPU
		Release|Any CPU = Release|Any CPU
	EndGlobalSection
	GlobalSection(ProjectConfigurationPlatforms) = postSolution
		{9FCC0242-2CBB-4ED7-B43F-DC4D3258D0E2}.Debug|Any CPU.ActiveCfg = Debug|Any CPU
		{9FCC0242-2CBB-4ED7-B43F-DC4D3258D0E2}.Debug|Any CPU.Build.0 = Debug|Any CPU
		{9FCC0242-2CBB-4ED7-B43F-DC4D3258D0E2}.Release|Any CPU.ActiveCfg = Release|Any CPU
		{9FCC0242-2CBB-4ED7-B43F-DC4D3258D0E2}.Release|Any CPU.Build.0 = Release|Any CPU
	EndGlobalSection
	GlobalSection(SolutionProperties) = preSolution
		HideSolutionNode = FALSE
	EndGlobalSection
	GlobalSection(ExtensibilityGlobals) = postSolution
		SolutionGuid = {56125CD5-0B2C-4A01-A113-26972406F00B}
	EndGlobalSection
EndGlobal
